// !$*UTF8*$!
{
	archiveVersion = 1;
	classes = {
	};
	objectVersion = 56;
	objects = {

/* Begin PBXBuildFile section */
		CF884D912C77CD8100AB9163 /* SpotifyiOS in Frameworks */ = {isa = PBXBuildFile; productRef = CF884D902C77CD8100AB9163 /* SpotifyiOS */; };
		CF884D972C77CF5900AB9163 /* SpotifyController.swift in Sources */ = {isa = PBXBuildFile; fileRef = CF884D962C77CF5900AB9163 /* SpotifyController.swift */; };
		CF884D992C792FBF00AB9163 /* Playlist.swift in Sources */ = {isa = PBXBuildFile; fileRef = CF884D982C792FBF00AB9163 /* Playlist.swift */; };
		CF884D9B2C79322400AB9163 /* APICalls.swift in Sources */ = {isa = PBXBuildFile; fileRef = CF884D9A2C79322400AB9163 /* APICalls.swift */; };
		CF884D9D2C79368300AB9163 /* NetworkError.swift in Sources */ = {isa = PBXBuildFile; fileRef = CF884D9C2C79368300AB9163 /* NetworkError.swift */; };
		CF884DA02C7A878B00AB9163 /* ConfigurationView.swift in Sources */ = {isa = PBXBuildFile; fileRef = CF884D9F2C7A878B00AB9163 /* ConfigurationView.swift */; };
		CF884DA22C7A8C8F00AB9163 /* PlaylistSelectionView.swift in Sources */ = {isa = PBXBuildFile; fileRef = CF884DA12C7A8C8F00AB9163 /* PlaylistSelectionView.swift */; };
		CF884DA52C7A91F000AB9163 /* SPGroupBoxStyle.swift in Sources */ = {isa = PBXBuildFile; fileRef = CF884DA42C7A91F000AB9163 /* SPGroupBoxStyle.swift */; };
		CF884DA72C7B95CA00AB9163 /* PlaylistCardView.swift in Sources */ = {isa = PBXBuildFile; fileRef = CF884DA62C7B95CA00AB9163 /* PlaylistCardView.swift */; };
		CF884DA92C7BA3E700AB9163 /* ConnectSpotifyView.swift in Sources */ = {isa = PBXBuildFile; fileRef = CF884DA82C7BA3E700AB9163 /* ConnectSpotifyView.swift */; };
		CF884DAF2C7BBBAC00AB9163 /* ViewSize.swift in Sources */ = {isa = PBXBuildFile; fileRef = CF884DAE2C7BBBAC00AB9163 /* ViewSize.swift */; };
		CF884DB22C7BC0EB00AB9163 /* HelpView.swift in Sources */ = {isa = PBXBuildFile; fileRef = CF884DB12C7BC0EB00AB9163 /* HelpView.swift */; };
		CF884DB42C7BC43700AB9163 /* SpotifyData.swift in Sources */ = {isa = PBXBuildFile; fileRef = CF884DB32C7BC43700AB9163 /* SpotifyData.swift */; };
		CF884DB62C7BFABA00AB9163 /* EmptyPlaylistSelectionView.swift in Sources */ = {isa = PBXBuildFile; fileRef = CF884DB52C7BFABA00AB9163 /* EmptyPlaylistSelectionView.swift */; };
		CF884DB82C7C238100AB9163 /* CloseButton.swift in Sources */ = {isa = PBXBuildFile; fileRef = CF884DB72C7C238100AB9163 /* CloseButton.swift */; };
		CFA91D942C74F0E500D1202B /* Spotify_MatchApp.swift in Sources */ = {isa = PBXBuildFile; fileRef = CFA91D932C74F0E500D1202B /* Spotify_MatchApp.swift */; };
		CFA91D962C74F0E500D1202B /* MainView.swift in Sources */ = {isa = PBXBuildFile; fileRef = CFA91D952C74F0E500D1202B /* MainView.swift */; };
		CFA91D982C74F0E600D1202B /* Assets.xcassets in Resources */ = {isa = PBXBuildFile; fileRef = CFA91D972C74F0E600D1202B /* Assets.xcassets */; };
		CFA91D9B2C74F0E600D1202B /* Preview Assets.xcassets in Resources */ = {isa = PBXBuildFile; fileRef = CFA91D9A2C74F0E600D1202B /* Preview Assets.xcassets */; };
		CFA91DA22C74F1C300D1202B /* SongCardView.swift in Sources */ = {isa = PBXBuildFile; fileRef = CFA91DA12C74F1C300D1202B /* SongCardView.swift */; };
		CFA91DA62C75055500D1202B /* ImageColor.swift in Sources */ = {isa = PBXBuildFile; fileRef = CFA91DA52C75055500D1202B /* ImageColor.swift */; };
		CFA91DAB2C750F0B00D1202B /* AppBackgroundView.swift in Sources */ = {isa = PBXBuildFile; fileRef = CFA91DAA2C750F0B00D1202B /* AppBackgroundView.swift */; };
		CFA91DAD2C7513E000D1202B /* CardDeckView.swift in Sources */ = {isa = PBXBuildFile; fileRef = CFA91DAC2C7513E000D1202B /* CardDeckView.swift */; };
		CFA91DB02C75156100D1202B /* Song.swift in Sources */ = {isa = PBXBuildFile; fileRef = CFA91DAF2C75156100D1202B /* Song.swift */; };
		CFA91DB32C75171D00D1202B /* CardDeckViewModel.swift in Sources */ = {isa = PBXBuildFile; fileRef = CFA91DB22C75171D00D1202B /* CardDeckViewModel.swift */; };
		CFA91DB62C75401700D1202B /* Algorithms in Frameworks */ = {isa = PBXBuildFile; productRef = CFA91DB52C75401700D1202B /* Algorithms */; };
		CFA91DBB2C764F0D00D1202B /* SwipeEffectIcon.swift in Sources */ = {isa = PBXBuildFile; fileRef = CFA91DBA2C764F0D00D1202B /* SwipeEffectIcon.swift */; };
		CFA91DC12C76CB2700D1202B /* HeaderView.swift in Sources */ = {isa = PBXBuildFile; fileRef = CFA91DC02C76CB2700D1202B /* HeaderView.swift */; };
/* End PBXBuildFile section */

/* Begin PBXFileReference section */
		CF884D922C77CE7100AB9163 /* Spotify-Match-Info.plist */ = {isa = PBXFileReference; lastKnownFileType = text.plist; path = "Spotify-Match-Info.plist"; sourceTree = SOURCE_ROOT; };
		CF884D932C77CEEE00AB9163 /* Spotify Match-Bridging-Header.h */ = {isa = PBXFileReference; lastKnownFileType = sourcecode.c.h; path = "Spotify Match-Bridging-Header.h"; sourceTree = "<group>"; };
		CF884D962C77CF5900AB9163 /* SpotifyController.swift */ = {isa = PBXFileReference; lastKnownFileType = sourcecode.swift; path = SpotifyController.swift; sourceTree = "<group>"; };
		CF884D982C792FBF00AB9163 /* Playlist.swift */ = {isa = PBXFileReference; lastKnownFileType = sourcecode.swift; path = Playlist.swift; sourceTree = "<group>"; };
		CF884D9A2C79322400AB9163 /* APICalls.swift */ = {isa = PBXFileReference; lastKnownFileType = sourcecode.swift; path = APICalls.swift; sourceTree = "<group>"; };
		CF884D9C2C79368300AB9163 /* NetworkError.swift */ = {isa = PBXFileReference; lastKnownFileType = sourcecode.swift; path = NetworkError.swift; sourceTree = "<group>"; };
		CF884D9F2C7A878B00AB9163 /* ConfigurationView.swift */ = {isa = PBXFileReference; lastKnownFileType = sourcecode.swift; path = ConfigurationView.swift; sourceTree = "<group>"; };
		CF884DA12C7A8C8F00AB9163 /* PlaylistSelectionView.swift */ = {isa = PBXFileReference; lastKnownFileType = sourcecode.swift; path = PlaylistSelectionView.swift; sourceTree = "<group>"; };
		CF884DA42C7A91F000AB9163 /* SPGroupBoxStyle.swift */ = {isa = PBXFileReference; lastKnownFileType = sourcecode.swift; path = SPGroupBoxStyle.swift; sourceTree = "<group>"; };
		CF884DA62C7B95CA00AB9163 /* PlaylistCardView.swift */ = {isa = PBXFileReference; lastKnownFileType = sourcecode.swift; path = PlaylistCardView.swift; sourceTree = "<group>"; };
		CF884DA82C7BA3E700AB9163 /* ConnectSpotifyView.swift */ = {isa = PBXFileReference; lastKnownFileType = sourcecode.swift; path = ConnectSpotifyView.swift; sourceTree = "<group>"; };
		CF884DAE2C7BBBAC00AB9163 /* ViewSize.swift */ = {isa = PBXFileReference; lastKnownFileType = sourcecode.swift; path = ViewSize.swift; sourceTree = "<group>"; };
		CF884DB12C7BC0EB00AB9163 /* HelpView.swift */ = {isa = PBXFileReference; lastKnownFileType = sourcecode.swift; path = HelpView.swift; sourceTree = "<group>"; };
		CF884DB32C7BC43700AB9163 /* SpotifyData.swift */ = {isa = PBXFileReference; lastKnownFileType = sourcecode.swift; path = SpotifyData.swift; sourceTree = "<group>"; };
		CF884DB52C7BFABA00AB9163 /* EmptyPlaylistSelectionView.swift */ = {isa = PBXFileReference; lastKnownFileType = sourcecode.swift; path = EmptyPlaylistSelectionView.swift; sourceTree = "<group>"; };
		CF884DB72C7C238100AB9163 /* CloseButton.swift */ = {isa = PBXFileReference; lastKnownFileType = sourcecode.swift; path = CloseButton.swift; sourceTree = "<group>"; };
		CFA91D902C74F0E500D1202B /* Spotify Match.app */ = {isa = PBXFileReference; explicitFileType = wrapper.application; includeInIndex = 0; path = "Spotify Match.app"; sourceTree = BUILT_PRODUCTS_DIR; };
		CFA91D932C74F0E500D1202B /* Spotify_MatchApp.swift */ = {isa = PBXFileReference; lastKnownFileType = sourcecode.swift; path = Spotify_MatchApp.swift; sourceTree = "<group>"; };
		CFA91D952C74F0E500D1202B /* MainView.swift */ = {isa = PBXFileReference; lastKnownFileType = sourcecode.swift; path = MainView.swift; sourceTree = "<group>"; };
		CFA91D972C74F0E600D1202B /* Assets.xcassets */ = {isa = PBXFileReference; lastKnownFileType = folder.assetcatalog; path = Assets.xcassets; sourceTree = "<group>"; };
		CFA91D9A2C74F0E600D1202B /* Preview Assets.xcassets */ = {isa = PBXFileReference; lastKnownFileType = folder.assetcatalog; path = "Preview Assets.xcassets"; sourceTree = "<group>"; };
		CFA91DA12C74F1C300D1202B /* SongCardView.swift */ = {isa = PBXFileReference; lastKnownFileType = sourcecode.swift; path = SongCardView.swift; sourceTree = "<group>"; };
		CFA91DA52C75055500D1202B /* ImageColor.swift */ = {isa = PBXFileReference; lastKnownFileType = sourcecode.swift; path = ImageColor.swift; sourceTree = "<group>"; };
		CFA91DAA2C750F0B00D1202B /* AppBackgroundView.swift */ = {isa = PBXFileReference; lastKnownFileType = sourcecode.swift; path = AppBackgroundView.swift; sourceTree = "<group>"; };
		CFA91DAC2C7513E000D1202B /* CardDeckView.swift */ = {isa = PBXFileReference; lastKnownFileType = sourcecode.swift; path = CardDeckView.swift; sourceTree = "<group>"; };
		CFA91DAF2C75156100D1202B /* Song.swift */ = {isa = PBXFileReference; lastKnownFileType = sourcecode.swift; path = Song.swift; sourceTree = "<group>"; };
		CFA91DB22C75171D00D1202B /* CardDeckViewModel.swift */ = {isa = PBXFileReference; lastKnownFileType = sourcecode.swift; path = CardDeckViewModel.swift; sourceTree = "<group>"; };
		CFA91DBA2C764F0D00D1202B /* SwipeEffectIcon.swift */ = {isa = PBXFileReference; lastKnownFileType = sourcecode.swift; path = SwipeEffectIcon.swift; sourceTree = "<group>"; };
		CFA91DC02C76CB2700D1202B /* HeaderView.swift */ = {isa = PBXFileReference; lastKnownFileType = sourcecode.swift; path = HeaderView.swift; sourceTree = "<group>"; };
/* End PBXFileReference section */

/* Begin PBXFrameworksBuildPhase section */
		CFA91D8D2C74F0E500D1202B /* Frameworks */ = {
			isa = PBXFrameworksBuildPhase;
			buildActionMask = 2147483647;
			files = (
				CFA91DB62C75401700D1202B /* Algorithms in Frameworks */,
				CF884D912C77CD8100AB9163 /* SpotifyiOS in Frameworks */,
			);
			runOnlyForDeploymentPostprocessing = 0;
		};
/* End PBXFrameworksBuildPhase section */

/* Begin PBXGroup section */
		CF884D752C7791C300AB9163 /* HeaderView */ = {
			isa = PBXGroup;
			children = (
				CFA91DC02C76CB2700D1202B /* HeaderView.swift */,
				CF884D9F2C7A878B00AB9163 /* ConfigurationView.swift */,
				CF884DB12C7BC0EB00AB9163 /* HelpView.swift */,
			);
			path = HeaderView;
			sourceTree = "<group>";
		};
		CF884D9E2C79483200AB9163 /* SpotifyConnection */ = {
			isa = PBXGroup;
			children = (
				CF884D962C77CF5900AB9163 /* SpotifyController.swift */,
				CF884D9A2C79322400AB9163 /* APICalls.swift */,
				CF884D9C2C79368300AB9163 /* NetworkError.swift */,
			);
			path = SpotifyConnection;
			sourceTree = "<group>";
		};
		CF884DA32C7A91D300AB9163 /* Styles & Modifiers */ = {
			isa = PBXGroup;
			children = (
				CF884DA42C7A91F000AB9163 /* SPGroupBoxStyle.swift */,
				CF884DB72C7C238100AB9163 /* CloseButton.swift */,
			);
			path = "Styles & Modifiers";
			sourceTree = "<group>";
		};
		CF884DAA2C7BB56D00AB9163 /* ConnectSpotifyView */ = {
			isa = PBXGroup;
			children = (
				CF884DA82C7BA3E700AB9163 /* ConnectSpotifyView.swift */,
			);
			path = ConnectSpotifyView;
			sourceTree = "<group>";
		};
		CF884DB02C7BBFD000AB9163 /* PlaylistSelectionView */ = {
			isa = PBXGroup;
			children = (
				CF884DA12C7A8C8F00AB9163 /* PlaylistSelectionView.swift */,
				CF884DA62C7B95CA00AB9163 /* PlaylistCardView.swift */,
			);
			path = PlaylistSelectionView;
			sourceTree = "<group>";
		};
		CF884DB92C7C24C500AB9163 /* EmptyPlaylistSelectionView */ = {
			isa = PBXGroup;
			children = (
				CF884DB52C7BFABA00AB9163 /* EmptyPlaylistSelectionView.swift */,
			);
			path = EmptyPlaylistSelectionView;
			sourceTree = "<group>";
		};
		CFA91D872C74F0E500D1202B = {
			isa = PBXGroup;
			children = (
				CFA91D922C74F0E500D1202B /* Spotify Match */,
				CFA91D912C74F0E500D1202B /* Products */,
			);
			sourceTree = "<group>";
		};
		CFA91D912C74F0E500D1202B /* Products */ = {
			isa = PBXGroup;
			children = (
				CFA91D902C74F0E500D1202B /* Spotify Match.app */,
			);
			name = Products;
			sourceTree = "<group>";
		};
		CFA91D922C74F0E500D1202B /* Spotify Match */ = {
			isa = PBXGroup;
			children = (
				CFA91D932C74F0E500D1202B /* Spotify_MatchApp.swift */,
				CFA91DAE2C75155600D1202B /* Model */,
				CFA91DA82C7508CD00D1202B /* Views */,
				CF884DA32C7A91D300AB9163 /* Styles & Modifiers */,
				CFA91DA92C7508D900D1202B /* Utilities */,
				CF884D9E2C79483200AB9163 /* SpotifyConnection */,
				CFA91D992C74F0E600D1202B /* Preview Content */,
				CFA91D972C74F0E600D1202B /* Assets.xcassets */,
				CF884D922C77CE7100AB9163 /* Spotify-Match-Info.plist */,
				CF884D932C77CEEE00AB9163 /* Spotify Match-Bridging-Header.h */,
			);
			path = "Spotify Match";
			sourceTree = "<group>";
		};
		CFA91D992C74F0E600D1202B /* Preview Content */ = {
			isa = PBXGroup;
			children = (
				CFA91D9A2C74F0E600D1202B /* Preview Assets.xcassets */,
			);
			path = "Preview Content";
			sourceTree = "<group>";
		};
		CFA91DA72C7508B200D1202B /* SongCardView */ = {
			isa = PBXGroup;
			children = (
				CFA91DBA2C764F0D00D1202B /* SwipeEffectIcon.swift */,
				CFA91DA12C74F1C300D1202B /* SongCardView.swift */,
			);
			path = SongCardView;
			sourceTree = "<group>";
		};
		CFA91DA82C7508CD00D1202B /* Views */ = {
			isa = PBXGroup;
			children = (
				CFA91D952C74F0E500D1202B /* MainView.swift */,
				CF884D752C7791C300AB9163 /* HeaderView */,
				CF884DAA2C7BB56D00AB9163 /* ConnectSpotifyView */,
				CF884DB92C7C24C500AB9163 /* EmptyPlaylistSelectionView */,
				CFA91DB12C75171000D1202B /* CardDeckView */,
				CF884DB02C7BBFD000AB9163 /* PlaylistSelectionView */,
				CFA91DB92C764EC200D1202B /* AppBackgroundView */,
			);
			path = Views;
			sourceTree = "<group>";
		};
		CFA91DA92C7508D900D1202B /* Utilities */ = {
			isa = PBXGroup;
			children = (
				CFA91DA52C75055500D1202B /* ImageColor.swift */,
				CF884DAE2C7BBBAC00AB9163 /* ViewSize.swift */,
			);
			path = Utilities;
			sourceTree = "<group>";
		};
		CFA91DAE2C75155600D1202B /* Model */ = {
			isa = PBXGroup;
			children = (
				CFA91DAF2C75156100D1202B /* Song.swift */,
				CF884D982C792FBF00AB9163 /* Playlist.swift */,
				CF884DB32C7BC43700AB9163 /* SpotifyData.swift */,
			);
			path = Model;
			sourceTree = "<group>";
		};
		CFA91DB12C75171000D1202B /* CardDeckView */ = {
			isa = PBXGroup;
			children = (
				CFA91DAC2C7513E000D1202B /* CardDeckView.swift */,
				CFA91DB22C75171D00D1202B /* CardDeckViewModel.swift */,
				CFA91DA72C7508B200D1202B /* SongCardView */,
			);
			path = CardDeckView;
			sourceTree = "<group>";
		};
		CFA91DB92C764EC200D1202B /* AppBackgroundView */ = {
			isa = PBXGroup;
			children = (
				CFA91DAA2C750F0B00D1202B /* AppBackgroundView.swift */,
			);
			path = AppBackgroundView;
			sourceTree = "<group>";
		};
/* End PBXGroup section */

/* Begin PBXNativeTarget section */
		CFA91D8F2C74F0E500D1202B /* Spotify Match */ = {
			isa = PBXNativeTarget;
			buildConfigurationList = CFA91D9E2C74F0E600D1202B /* Build configuration list for PBXNativeTarget "Spotify Match" */;
			buildPhases = (
				CFA91D8C2C74F0E500D1202B /* Sources */,
				CFA91D8D2C74F0E500D1202B /* Frameworks */,
				CFA91D8E2C74F0E500D1202B /* Resources */,
			);
			buildRules = (
			);
			dependencies = (
			);
			name = "Spotify Match";
			packageProductDependencies = (
				CFA91DB52C75401700D1202B /* Algorithms */,
				CF884D902C77CD8100AB9163 /* SpotifyiOS */,
			);
			productName = "Spotify Match";
			productReference = CFA91D902C74F0E500D1202B /* Spotify Match.app */;
			productType = "com.apple.product-type.application";
		};
/* End PBXNativeTarget section */

/* Begin PBXProject section */
		CFA91D882C74F0E500D1202B /* Project object */ = {
			isa = PBXProject;
			attributes = {
				BuildIndependentTargetsInParallel = 1;
				LastSwiftUpdateCheck = 1540;
				LastUpgradeCheck = 1540;
				TargetAttributes = {
					CFA91D8F2C74F0E500D1202B = {
						CreatedOnToolsVersion = 15.4;
						LastSwiftMigration = 1540;
					};
				};
			};
			buildConfigurationList = CFA91D8B2C74F0E500D1202B /* Build configuration list for PBXProject "Spotify Match" */;
			compatibilityVersion = "Xcode 14.0";
			developmentRegion = en;
			hasScannedForEncodings = 0;
			knownRegions = (
				en,
				Base,
			);
			mainGroup = CFA91D872C74F0E500D1202B;
			packageReferences = (
				CFA91DB42C75401700D1202B /* XCRemoteSwiftPackageReference "swift-algorithms" */,
				CF884D8F2C77CD8100AB9163 /* XCRemoteSwiftPackageReference "ios-sdk" */,
			);
			productRefGroup = CFA91D912C74F0E500D1202B /* Products */;
			projectDirPath = "";
			projectRoot = "";
			targets = (
				CFA91D8F2C74F0E500D1202B /* Spotify Match */,
			);
		};
/* End PBXProject section */

/* Begin PBXResourcesBuildPhase section */
		CFA91D8E2C74F0E500D1202B /* Resources */ = {
			isa = PBXResourcesBuildPhase;
			buildActionMask = 2147483647;
			files = (
				CFA91D9B2C74F0E600D1202B /* Preview Assets.xcassets in Resources */,
				CFA91D982C74F0E600D1202B /* Assets.xcassets in Resources */,
			);
			runOnlyForDeploymentPostprocessing = 0;
		};
/* End PBXResourcesBuildPhase section */

/* Begin PBXSourcesBuildPhase section */
		CFA91D8C2C74F0E500D1202B /* Sources */ = {
			isa = PBXSourcesBuildPhase;
			buildActionMask = 2147483647;
			files = (
				CFA91D962C74F0E500D1202B /* MainView.swift in Sources */,
				CF884DA02C7A878B00AB9163 /* ConfigurationView.swift in Sources */,
				CF884DA72C7B95CA00AB9163 /* PlaylistCardView.swift in Sources */,
				CF884D9D2C79368300AB9163 /* NetworkError.swift in Sources */,
				CFA91DAD2C7513E000D1202B /* CardDeckView.swift in Sources */,
				CFA91DBB2C764F0D00D1202B /* SwipeEffectIcon.swift in Sources */,
				CF884DB82C7C238100AB9163 /* CloseButton.swift in Sources */,
				CF884DA92C7BA3E700AB9163 /* ConnectSpotifyView.swift in Sources */,
				CFA91DA22C74F1C300D1202B /* SongCardView.swift in Sources */,
				CFA91D942C74F0E500D1202B /* Spotify_MatchApp.swift in Sources */,
				CF884D972C77CF5900AB9163 /* SpotifyController.swift in Sources */,
				CF884DB42C7BC43700AB9163 /* SpotifyData.swift in Sources */,
				CF884DB22C7BC0EB00AB9163 /* HelpView.swift in Sources */,
				CFA91DC12C76CB2700D1202B /* HeaderView.swift in Sources */,
				CF884DA22C7A8C8F00AB9163 /* PlaylistSelectionView.swift in Sources */,
				CFA91DB02C75156100D1202B /* Song.swift in Sources */,
				CFA91DB32C75171D00D1202B /* CardDeckViewModel.swift in Sources */,
				CF884DA52C7A91F000AB9163 /* SPGroupBoxStyle.swift in Sources */,
				CF884DAF2C7BBBAC00AB9163 /* ViewSize.swift in Sources */,
				CF884DB62C7BFABA00AB9163 /* EmptyPlaylistSelectionView.swift in Sources */,
				CFA91DA62C75055500D1202B /* ImageColor.swift in Sources */,
				CF884D9B2C79322400AB9163 /* APICalls.swift in Sources */,
				CF884D992C792FBF00AB9163 /* Playlist.swift in Sources */,
				CFA91DAB2C750F0B00D1202B /* AppBackgroundView.swift in Sources */,
			);
			runOnlyForDeploymentPostprocessing = 0;
		};
/* End PBXSourcesBuildPhase section */

/* Begin XCBuildConfiguration section */
		CFA91D9C2C74F0E600D1202B /* Debug */ = {
			isa = XCBuildConfiguration;
			buildSettings = {
				ALWAYS_SEARCH_USER_PATHS = NO;
				ASSETCATALOG_COMPILER_GENERATE_SWIFT_ASSET_SYMBOL_EXTENSIONS = YES;
				CLANG_ANALYZER_NONNULL = YES;
				CLANG_ANALYZER_NUMBER_OBJECT_CONVERSION = YES_AGGRESSIVE;
				CLANG_CXX_LANGUAGE_STANDARD = "gnu++20";
				CLANG_ENABLE_MODULES = YES;
				CLANG_ENABLE_OBJC_ARC = YES;
				CLANG_ENABLE_OBJC_WEAK = YES;
				CLANG_WARN_BLOCK_CAPTURE_AUTORELEASING = YES;
				CLANG_WARN_BOOL_CONVERSION = YES;
				CLANG_WARN_COMMA = YES;
				CLANG_WARN_CONSTANT_CONVERSION = YES;
				CLANG_WARN_DEPRECATED_OBJC_IMPLEMENTATIONS = YES;
				CLANG_WARN_DIRECT_OBJC_ISA_USAGE = YES_ERROR;
				CLANG_WARN_DOCUMENTATION_COMMENTS = YES;
				CLANG_WARN_EMPTY_BODY = YES;
				CLANG_WARN_ENUM_CONVERSION = YES;
				CLANG_WARN_INFINITE_RECURSION = YES;
				CLANG_WARN_INT_CONVERSION = YES;
				CLANG_WARN_NON_LITERAL_NULL_CONVERSION = YES;
				CLANG_WARN_OBJC_IMPLICIT_RETAIN_SELF = YES;
				CLANG_WARN_OBJC_LITERAL_CONVERSION = YES;
				CLANG_WARN_OBJC_ROOT_CLASS = YES_ERROR;
				CLANG_WARN_QUOTED_INCLUDE_IN_FRAMEWORK_HEADER = YES;
				CLANG_WARN_RANGE_LOOP_ANALYSIS = YES;
				CLANG_WARN_STRICT_PROTOTYPES = YES;
				CLANG_WARN_SUSPICIOUS_MOVE = YES;
				CLANG_WARN_UNGUARDED_AVAILABILITY = YES_AGGRESSIVE;
				CLANG_WARN_UNREACHABLE_CODE = YES;
				CLANG_WARN__DUPLICATE_METHOD_MATCH = YES;
				COPY_PHASE_STRIP = NO;
				DEBUG_INFORMATION_FORMAT = dwarf;
				ENABLE_STRICT_OBJC_MSGSEND = YES;
				ENABLE_TESTABILITY = YES;
				ENABLE_USER_SCRIPT_SANDBOXING = YES;
				GCC_C_LANGUAGE_STANDARD = gnu17;
				GCC_DYNAMIC_NO_PIC = NO;
				GCC_NO_COMMON_BLOCKS = YES;
				GCC_OPTIMIZATION_LEVEL = 0;
				GCC_PREPROCESSOR_DEFINITIONS = (
					"DEBUG=1",
					"$(inherited)",
				);
				GCC_WARN_64_TO_32_BIT_CONVERSION = YES;
				GCC_WARN_ABOUT_RETURN_TYPE = YES_ERROR;
				GCC_WARN_UNDECLARED_SELECTOR = YES;
				GCC_WARN_UNINITIALIZED_AUTOS = YES_AGGRESSIVE;
				GCC_WARN_UNUSED_FUNCTION = YES;
				GCC_WARN_UNUSED_VARIABLE = YES;
				IPHONEOS_DEPLOYMENT_TARGET = 17.5;
				LOCALIZATION_PREFERS_STRING_CATALOGS = YES;
				MTL_ENABLE_DEBUG_INFO = INCLUDE_SOURCE;
				MTL_FAST_MATH = YES;
				ONLY_ACTIVE_ARCH = YES;
				SDKROOT = iphoneos;
				SWIFT_ACTIVE_COMPILATION_CONDITIONS = "DEBUG $(inherited)";
				SWIFT_OPTIMIZATION_LEVEL = "-Onone";
			};
			name = Debug;
		};
		CFA91D9D2C74F0E600D1202B /* Release */ = {
			isa = XCBuildConfiguration;
			buildSettings = {
				ALWAYS_SEARCH_USER_PATHS = NO;
				ASSETCATALOG_COMPILER_GENERATE_SWIFT_ASSET_SYMBOL_EXTENSIONS = YES;
				CLANG_ANALYZER_NONNULL = YES;
				CLANG_ANALYZER_NUMBER_OBJECT_CONVERSION = YES_AGGRESSIVE;
				CLANG_CXX_LANGUAGE_STANDARD = "gnu++20";
				CLANG_ENABLE_MODULES = YES;
				CLANG_ENABLE_OBJC_ARC = YES;
				CLANG_ENABLE_OBJC_WEAK = YES;
				CLANG_WARN_BLOCK_CAPTURE_AUTORELEASING = YES;
				CLANG_WARN_BOOL_CONVERSION = YES;
				CLANG_WARN_COMMA = YES;
				CLANG_WARN_CONSTANT_CONVERSION = YES;
				CLANG_WARN_DEPRECATED_OBJC_IMPLEMENTATIONS = YES;
				CLANG_WARN_DIRECT_OBJC_ISA_USAGE = YES_ERROR;
				CLANG_WARN_DOCUMENTATION_COMMENTS = YES;
				CLANG_WARN_EMPTY_BODY = YES;
				CLANG_WARN_ENUM_CONVERSION = YES;
				CLANG_WARN_INFINITE_RECURSION = YES;
				CLANG_WARN_INT_CONVERSION = YES;
				CLANG_WARN_NON_LITERAL_NULL_CONVERSION = YES;
				CLANG_WARN_OBJC_IMPLICIT_RETAIN_SELF = YES;
				CLANG_WARN_OBJC_LITERAL_CONVERSION = YES;
				CLANG_WARN_OBJC_ROOT_CLASS = YES_ERROR;
				CLANG_WARN_QUOTED_INCLUDE_IN_FRAMEWORK_HEADER = YES;
				CLANG_WARN_RANGE_LOOP_ANALYSIS = YES;
				CLANG_WARN_STRICT_PROTOTYPES = YES;
				CLANG_WARN_SUSPICIOUS_MOVE = YES;
				CLANG_WARN_UNGUARDED_AVAILABILITY = YES_AGGRESSIVE;
				CLANG_WARN_UNREACHABLE_CODE = YES;
				CLANG_WARN__DUPLICATE_METHOD_MATCH = YES;
				COPY_PHASE_STRIP = NO;
				DEBUG_INFORMATION_FORMAT = "dwarf-with-dsym";
				ENABLE_NS_ASSERTIONS = NO;
				ENABLE_STRICT_OBJC_MSGSEND = YES;
				ENABLE_USER_SCRIPT_SANDBOXING = YES;
				GCC_C_LANGUAGE_STANDARD = gnu17;
				GCC_NO_COMMON_BLOCKS = YES;
				GCC_WARN_64_TO_32_BIT_CONVERSION = YES;
				GCC_WARN_ABOUT_RETURN_TYPE = YES_ERROR;
				GCC_WARN_UNDECLARED_SELECTOR = YES;
				GCC_WARN_UNINITIALIZED_AUTOS = YES_AGGRESSIVE;
				GCC_WARN_UNUSED_FUNCTION = YES;
				GCC_WARN_UNUSED_VARIABLE = YES;
				IPHONEOS_DEPLOYMENT_TARGET = 17.5;
				LOCALIZATION_PREFERS_STRING_CATALOGS = YES;
				MTL_ENABLE_DEBUG_INFO = NO;
				MTL_FAST_MATH = YES;
				SDKROOT = iphoneos;
				SWIFT_COMPILATION_MODE = wholemodule;
				VALIDATE_PRODUCT = YES;
			};
			name = Release;
		};
		CFA91D9F2C74F0E600D1202B /* Debug */ = {
			isa = XCBuildConfiguration;
			buildSettings = {
				ASSETCATALOG_COMPILER_APPICON_NAME = AppIcon;
				ASSETCATALOG_COMPILER_GLOBAL_ACCENT_COLOR_NAME = AccentColor;
				CLANG_ENABLE_MODULES = YES;
				CODE_SIGN_STYLE = Automatic;
				CURRENT_PROJECT_VERSION = 1;
				DEVELOPMENT_ASSET_PATHS = "\"Spotify Match/Preview Content\"";
				DEVELOPMENT_TEAM = N3ST245ZGW;
				ENABLE_PREVIEWS = YES;
				GENERATE_INFOPLIST_FILE = YES;
				INFOPLIST_FILE = "Spotify-Match-Info.plist";
				INFOPLIST_KEY_UIApplicationSceneManifest_Generation = YES;
				INFOPLIST_KEY_UIApplicationSupportsIndirectInputEvents = YES;
				INFOPLIST_KEY_UILaunchScreen_Generation = YES;
				INFOPLIST_KEY_UISupportedInterfaceOrientations_iPad = "UIInterfaceOrientationPortrait UIInterfaceOrientationPortraitUpsideDown UIInterfaceOrientationLandscapeLeft UIInterfaceOrientationLandscapeRight";
				INFOPLIST_KEY_UISupportedInterfaceOrientations_iPhone = "UIInterfaceOrientationPortrait UIInterfaceOrientationLandscapeLeft UIInterfaceOrientationLandscapeRight";
				LD_RUNPATH_SEARCH_PATHS = (
					"$(inherited)",
					"@executable_path/Frameworks",
				);
				MARKETING_VERSION = 1.0;
				OTHER_LDFLAGS = "-ObjC";
				PRODUCT_BUNDLE_IDENTIFIER = "com.conigarcia.Spotify-Match";
				PRODUCT_NAME = "$(TARGET_NAME)";
				SWIFT_EMIT_LOC_STRINGS = YES;
				SWIFT_OBJC_BRIDGING_HEADER = "Spotify Match/Spotify Match-Bridging-Header.h";
				SWIFT_OPTIMIZATION_LEVEL = "-Onone";
				SWIFT_VERSION = 5.0;
				TARGETED_DEVICE_FAMILY = "1,2";
			};
			name = Debug;
		};
		CFA91DA02C74F0E600D1202B /* Release */ = {
			isa = XCBuildConfiguration;
			buildSettings = {
				ASSETCATALOG_COMPILER_APPICON_NAME = AppIcon;
				ASSETCATALOG_COMPILER_GLOBAL_ACCENT_COLOR_NAME = AccentColor;
				CLANG_ENABLE_MODULES = YES;
				CODE_SIGN_STYLE = Automatic;
				CURRENT_PROJECT_VERSION = 1;
				DEVELOPMENT_ASSET_PATHS = "\"Spotify Match/Preview Content\"";
				DEVELOPMENT_TEAM = N3ST245ZGW;
				ENABLE_PREVIEWS = YES;
				GENERATE_INFOPLIST_FILE = YES;
				INFOPLIST_FILE = "Spotify-Match-Info.plist";
				INFOPLIST_KEY_UIApplicationSceneManifest_Generation = YES;
				INFOPLIST_KEY_UIApplicationSupportsIndirectInputEvents = YES;
				INFOPLIST_KEY_UILaunchScreen_Generation = YES;
				INFOPLIST_KEY_UISupportedInterfaceOrientations_iPad = "UIInterfaceOrientationPortrait UIInterfaceOrientationPortraitUpsideDown UIInterfaceOrientationLandscapeLeft UIInterfaceOrientationLandscapeRight";
				INFOPLIST_KEY_UISupportedInterfaceOrientations_iPhone = "UIInterfaceOrientationPortrait UIInterfaceOrientationLandscapeLeft UIInterfaceOrientationLandscapeRight";
				LD_RUNPATH_SEARCH_PATHS = (
					"$(inherited)",
					"@executable_path/Frameworks",
				);
				MARKETING_VERSION = 1.0;
				OTHER_LDFLAGS = "-ObjC";
				PRODUCT_BUNDLE_IDENTIFIER = "com.conigarcia.Spotify-Match";
				PRODUCT_NAME = "$(TARGET_NAME)";
				SWIFT_EMIT_LOC_STRINGS = YES;
				SWIFT_OBJC_BRIDGING_HEADER = "Spotify Match/Spotify Match-Bridging-Header.h";
				SWIFT_VERSION = 5.0;
				TARGETED_DEVICE_FAMILY = "1,2";
			};
			name = Release;
		};
/* End XCBuildConfiguration section */

/* Begin XCConfigurationList section */
		CFA91D8B2C74F0E500D1202B /* Build configuration list for PBXProject "Spotify Match" */ = {
			isa = XCConfigurationList;
			buildConfigurations = (
				CFA91D9C2C74F0E600D1202B /* Debug */,
				CFA91D9D2C74F0E600D1202B /* Release */,
			);
			defaultConfigurationIsVisible = 0;
			defaultConfigurationName = Release;
		};
		CFA91D9E2C74F0E600D1202B /* Build configuration list for PBXNativeTarget "Spotify Match" */ = {
			isa = XCConfigurationList;
			buildConfigurations = (
				CFA91D9F2C74F0E600D1202B /* Debug */,
				CFA91DA02C74F0E600D1202B /* Release */,
			);
			defaultConfigurationIsVisible = 0;
			defaultConfigurationName = Release;
		};
/* End XCConfigurationList section */

/* Begin XCRemoteSwiftPackageReference section */
		CF884D8F2C77CD8100AB9163 /* XCRemoteSwiftPackageReference "ios-sdk" */ = {
			isa = XCRemoteSwiftPackageReference;
			repositoryURL = "https://github.com/spotify/ios-sdk";
			requirement = {
				branch = master;
				kind = branch;
			};
		};
		CFA91DB42C75401700D1202B /* XCRemoteSwiftPackageReference "swift-algorithms" */ = {
			isa = XCRemoteSwiftPackageReference;
			repositoryURL = "https://github.com/apple/swift-algorithms.git";
			requirement = {
				kind = upToNextMajorVersion;
				minimumVersion = 1.2.0;
			};
		};
/* End XCRemoteSwiftPackageReference section */

/* Begin XCSwiftPackageProductDependency section */
		CF884D902C77CD8100AB9163 /* SpotifyiOS */ = {
			isa = XCSwiftPackageProductDependency;
			package = CF884D8F2C77CD8100AB9163 /* XCRemoteSwiftPackageReference "ios-sdk" */;
			productName = SpotifyiOS;
		};
		CFA91DB52C75401700D1202B /* Algorithms */ = {
			isa = XCSwiftPackageProductDependency;
			package = CFA91DB42C75401700D1202B /* XCRemoteSwiftPackageReference "swift-algorithms" */;
			productName = Algorithms;
		};
/* End XCSwiftPackageProductDependency section */
	};
	rootObject = CFA91D882C74F0E500D1202B /* Project object */;
}
